// !$*UTF8*$!
{
	archiveVersion = 1;
	classes = {
	};
	objectVersion = 56;
	objects = {

/* Begin PBXBuildFile section */
		777A2D662BAA47BF006B3D4C /* NewsNetworkManager in Frameworks */ = {isa = PBXBuildFile; productRef = 777A2D652BAA47BF006B3D4C /* NewsNetworkManager */; };
		77F677912BA9C47E00137EAF /* AuthorizeView.swift in Sources */ = {isa = PBXBuildFile; fileRef = 77F677902BA9C47E00137EAF /* AuthorizeView.swift */; };
		77F677932BA9C9BA00137EAF /* UIApplication+Extension.swift in Sources */ = {isa = PBXBuildFile; fileRef = 77F677922BA9C9BA00137EAF /* UIApplication+Extension.swift */; };
		77F677972BA9CB8A00137EAF /* AuthorizeStore.swift in Sources */ = {isa = PBXBuildFile; fileRef = 77F677962BA9CB8A00137EAF /* AuthorizeStore.swift */; };
		77F677992BA9CB9500137EAF /* AuthorizeReducer.swift in Sources */ = {isa = PBXBuildFile; fileRef = 77F677982BA9CB9500137EAF /* AuthorizeReducer.swift */; };
		77F6779C2BA9CFCA00137EAF /* FirebaseAppCheck in Frameworks */ = {isa = PBXBuildFile; productRef = 77F6779B2BA9CFCA00137EAF /* FirebaseAppCheck */; };
		77F6779E2BA9CFCA00137EAF /* FirebaseAuth in Frameworks */ = {isa = PBXBuildFile; productRef = 77F6779D2BA9CFCA00137EAF /* FirebaseAuth */; };
		77F677A02BA9CFCA00137EAF /* FirebaseDatabase in Frameworks */ = {isa = PBXBuildFile; productRef = 77F6779F2BA9CFCA00137EAF /* FirebaseDatabase */; };
		77F677A22BA9CFCA00137EAF /* FirebaseDatabaseSwift in Frameworks */ = {isa = PBXBuildFile; productRef = 77F677A12BA9CFCA00137EAF /* FirebaseDatabaseSwift */; };
		77F677A42BA9CFCA00137EAF /* FirebaseFirestore in Frameworks */ = {isa = PBXBuildFile; productRef = 77F677A32BA9CFCA00137EAF /* FirebaseFirestore */; };
		77F677A62BA9CFCA00137EAF /* FirebaseFirestoreSwift in Frameworks */ = {isa = PBXBuildFile; productRef = 77F677A52BA9CFCA00137EAF /* FirebaseFirestoreSwift */; };
		77F677A82BA9FF0100137EAF /* GoogleService-Info.plist in Resources */ = {isa = PBXBuildFile; fileRef = 77F677A72BA9FF0100137EAF /* GoogleService-Info.plist */; };
		77F677AA2BA9FFF300137EAF /* StorageService.swift in Sources */ = {isa = PBXBuildFile; fileRef = 77F677A92BA9FFF300137EAF /* StorageService.swift */; };
		77F677AD2BAA09E800137EAF /* AuthorizeService.swift in Sources */ = {isa = PBXBuildFile; fileRef = 77F677AC2BAA09E800137EAF /* AuthorizeService.swift */; };
		77FF1F8C2BAF6F1C0012C173 /* RouterService.swift in Sources */ = {isa = PBXBuildFile; fileRef = 77FF1F8B2BAF6F1C0012C173 /* RouterService.swift */; };
		77FF1F8E2BAF73790012C173 /* ContentView.swift in Sources */ = {isa = PBXBuildFile; fileRef = 77FF1F8D2BAF73790012C173 /* ContentView.swift */; };
		77FF1F922BAF7DA20012C173 /* CategoriesView.swift in Sources */ = {isa = PBXBuildFile; fileRef = 77FF1F912BAF7DA20012C173 /* CategoriesView.swift */; };
		8913AEB52BAED2DA00A92C84 /* OnboardingModel.swift in Sources */ = {isa = PBXBuildFile; fileRef = 8913AEB42BAED2DA00A92C84 /* OnboardingModel.swift */; };
		8913AEB72BAED3AC00A92C84 /* OnboardingCardView.swift in Sources */ = {isa = PBXBuildFile; fileRef = 8913AEB62BAED3AC00A92C84 /* OnboardingCardView.swift */; };
		8913AEB92BAEEFB700A92C84 /* OnboardingButtonView.swift in Sources */ = {isa = PBXBuildFile; fileRef = 8913AEB82BAEEFB700A92C84 /* OnboardingButtonView.swift */; };
		899C631C2BA738C800BD32B4 /* NewsToDayApp.swift in Sources */ = {isa = PBXBuildFile; fileRef = 899C631B2BA738C800BD32B4 /* NewsToDayApp.swift */; };
		899C63202BA738C900BD32B4 /* Assets.xcassets in Resources */ = {isa = PBXBuildFile; fileRef = 899C631F2BA738C900BD32B4 /* Assets.xcassets */; };
		899C63232BA738C900BD32B4 /* Preview Assets.xcassets in Resources */ = {isa = PBXBuildFile; fileRef = 899C63222BA738C900BD32B4 /* Preview Assets.xcassets */; };
		899C632C2BA73B7A00BD32B4 /* Color + ext.swift in Sources */ = {isa = PBXBuildFile; fileRef = 899C632B2BA73B7A00BD32B4 /* Color + ext.swift */; };
		899C63332BA7415200BD32B4 /* Font + ext.swift in Sources */ = {isa = PBXBuildFile; fileRef = 899C63322BA7415200BD32B4 /* Font + ext.swift */; };
		899C63342BA74B7300BD32B4 /* Inter-Bold.ttf in Resources */ = {isa = PBXBuildFile; fileRef = 899C632D2BA7404F00BD32B4 /* Inter-Bold.ttf */; };
		899C63352BA74B7600BD32B4 /* Inter-Medium.ttf in Resources */ = {isa = PBXBuildFile; fileRef = 899C632E2BA7404F00BD32B4 /* Inter-Medium.ttf */; };
		899C63362BA74B7900BD32B4 /* Inter-Regular.ttf in Resources */ = {isa = PBXBuildFile; fileRef = 899C63302BA7404F00BD32B4 /* Inter-Regular.ttf */; };
		899C63372BA74B7C00BD32B4 /* Inter-SemiBold.ttf in Resources */ = {isa = PBXBuildFile; fileRef = 899C632F2BA7404F00BD32B4 /* Inter-SemiBold.ttf */; };
		899C63412BA74E8500BD32B4 /* Launch Screen.storyboard in Resources */ = {isa = PBXBuildFile; fileRef = 899C63402BA74E8500BD32B4 /* Launch Screen.storyboard */; };
		92593DC92BB1C17500535F42 /* BookmarkView.swift in Sources */ = {isa = PBXBuildFile; fileRef = 92593DC82BB1C17500535F42 /* BookmarkView.swift */; };
		92B345782BAF489E00540F50 /* TabBar.swift in Sources */ = {isa = PBXBuildFile; fileRef = 92B345772BAF489E00540F50 /* TabBar.swift */; };
		92B3457A2BAF48B800540F50 /* HomeScreen.swift in Sources */ = {isa = PBXBuildFile; fileRef = 92B345792BAF48B800540F50 /* HomeScreen.swift */; };
		92B345812BAF48BD00540F50 /* NewsVerticalScroll.swift in Sources */ = {isa = PBXBuildFile; fileRef = 92B3457C2BAF48BD00540F50 /* NewsVerticalScroll.swift */; };
		92B345822BAF48BD00540F50 /* NewsSingleView.swift in Sources */ = {isa = PBXBuildFile; fileRef = 92B3457D2BAF48BD00540F50 /* NewsSingleView.swift */; };
		92B345832BAF48BD00540F50 /* NewsHorizontalScroll.swift in Sources */ = {isa = PBXBuildFile; fileRef = 92B3457E2BAF48BD00540F50 /* NewsHorizontalScroll.swift */; };
		92B345842BAF48BD00540F50 /* CategoriesHorizontalScroll.swift in Sources */ = {isa = PBXBuildFile; fileRef = 92B3457F2BAF48BD00540F50 /* CategoriesHorizontalScroll.swift */; };
		92B345852BAF48BD00540F50 /* NewsSingleViewForVerticalScroll.swift in Sources */ = {isa = PBXBuildFile; fileRef = 92B345802BAF48BD00540F50 /* NewsSingleViewForVerticalScroll.swift */; };
		CAA13B012BAE346900B2CDD9 /* NavLinkButton.swift in Sources */ = {isa = PBXBuildFile; fileRef = CAA13B002BAE346900B2CDD9 /* NavLinkButton.swift */; };
		CAA13B032BAE347300B2CDD9 /* Language.swift in Sources */ = {isa = PBXBuildFile; fileRef = CAA13B022BAE347300B2CDD9 /* Language.swift */; };
		CAA13B052BAE347D00B2CDD9 /* TermsAndConditionsView.swift in Sources */ = {isa = PBXBuildFile; fileRef = CAA13B042BAE347D00B2CDD9 /* TermsAndConditionsView.swift */; };
		CAA13B072BAE348900B2CDD9 /* AccountDetailsView.swift in Sources */ = {isa = PBXBuildFile; fileRef = CAA13B062BAE348900B2CDD9 /* AccountDetailsView.swift */; };
		CAA13B092BAE349100B2CDD9 /* ProfileHeaderView.swift in Sources */ = {isa = PBXBuildFile; fileRef = CAA13B082BAE349100B2CDD9 /* ProfileHeaderView.swift */; };
		CAA13B0B2BAE349B00B2CDD9 /* PersonalAccountView.swift in Sources */ = {isa = PBXBuildFile; fileRef = CAA13B0A2BAE349B00B2CDD9 /* PersonalAccountView.swift */; };
		CAA13B0D2BAE34D200B2CDD9 /* OnboardingView.swift in Sources */ = {isa = PBXBuildFile; fileRef = CAA13B0C2BAE34D200B2CDD9 /* OnboardingView.swift */; };
/* End PBXBuildFile section */

/* Begin PBXFileReference section */
		77F677902BA9C47E00137EAF /* AuthorizeView.swift */ = {isa = PBXFileReference; lastKnownFileType = sourcecode.swift; path = AuthorizeView.swift; sourceTree = "<group>"; };
		77F677922BA9C9BA00137EAF /* UIApplication+Extension.swift */ = {isa = PBXFileReference; lastKnownFileType = sourcecode.swift; path = "UIApplication+Extension.swift"; sourceTree = "<group>"; };
		77F677962BA9CB8A00137EAF /* AuthorizeStore.swift */ = {isa = PBXFileReference; lastKnownFileType = sourcecode.swift; path = AuthorizeStore.swift; sourceTree = "<group>"; };
		77F677982BA9CB9500137EAF /* AuthorizeReducer.swift */ = {isa = PBXFileReference; lastKnownFileType = sourcecode.swift; path = AuthorizeReducer.swift; sourceTree = "<group>"; };
		77F677A72BA9FF0100137EAF /* GoogleService-Info.plist */ = {isa = PBXFileReference; fileEncoding = 4; lastKnownFileType = text.plist.xml; path = "GoogleService-Info.plist"; sourceTree = "<group>"; };
		77F677A92BA9FFF300137EAF /* StorageService.swift */ = {isa = PBXFileReference; lastKnownFileType = sourcecode.swift; path = StorageService.swift; sourceTree = "<group>"; };
		77F677AC2BAA09E800137EAF /* AuthorizeService.swift */ = {isa = PBXFileReference; lastKnownFileType = sourcecode.swift; path = AuthorizeService.swift; sourceTree = "<group>"; };
		77FF1F8B2BAF6F1C0012C173 /* RouterService.swift */ = {isa = PBXFileReference; lastKnownFileType = sourcecode.swift; path = RouterService.swift; sourceTree = "<group>"; };
		77FF1F8D2BAF73790012C173 /* ContentView.swift */ = {isa = PBXFileReference; lastKnownFileType = sourcecode.swift; path = ContentView.swift; sourceTree = "<group>"; };
		77FF1F912BAF7DA20012C173 /* CategoriesView.swift */ = {isa = PBXFileReference; lastKnownFileType = sourcecode.swift; path = CategoriesView.swift; sourceTree = "<group>"; };
		8913AEB42BAED2DA00A92C84 /* OnboardingModel.swift */ = {isa = PBXFileReference; lastKnownFileType = sourcecode.swift; path = OnboardingModel.swift; sourceTree = "<group>"; };
		8913AEB62BAED3AC00A92C84 /* OnboardingCardView.swift */ = {isa = PBXFileReference; lastKnownFileType = sourcecode.swift; path = OnboardingCardView.swift; sourceTree = "<group>"; };
		8913AEB82BAEEFB700A92C84 /* OnboardingButtonView.swift */ = {isa = PBXFileReference; lastKnownFileType = sourcecode.swift; path = OnboardingButtonView.swift; sourceTree = "<group>"; };
		899C63182BA738C800BD32B4 /* NewsToDay.app */ = {isa = PBXFileReference; explicitFileType = wrapper.application; includeInIndex = 0; path = NewsToDay.app; sourceTree = BUILT_PRODUCTS_DIR; };
		899C631B2BA738C800BD32B4 /* NewsToDayApp.swift */ = {isa = PBXFileReference; lastKnownFileType = sourcecode.swift; path = NewsToDayApp.swift; sourceTree = "<group>"; };
		899C631F2BA738C900BD32B4 /* Assets.xcassets */ = {isa = PBXFileReference; lastKnownFileType = folder.assetcatalog; path = Assets.xcassets; sourceTree = "<group>"; };
		899C63222BA738C900BD32B4 /* Preview Assets.xcassets */ = {isa = PBXFileReference; lastKnownFileType = folder.assetcatalog; path = "Preview Assets.xcassets"; sourceTree = "<group>"; };
		899C632B2BA73B7A00BD32B4 /* Color + ext.swift */ = {isa = PBXFileReference; lastKnownFileType = sourcecode.swift; path = "Color + ext.swift"; sourceTree = "<group>"; };
		899C632D2BA7404F00BD32B4 /* Inter-Bold.ttf */ = {isa = PBXFileReference; lastKnownFileType = file; path = "Inter-Bold.ttf"; sourceTree = "<group>"; };
		899C632E2BA7404F00BD32B4 /* Inter-Medium.ttf */ = {isa = PBXFileReference; lastKnownFileType = file; path = "Inter-Medium.ttf"; sourceTree = "<group>"; };
		899C632F2BA7404F00BD32B4 /* Inter-SemiBold.ttf */ = {isa = PBXFileReference; lastKnownFileType = file; path = "Inter-SemiBold.ttf"; sourceTree = "<group>"; };
		899C63302BA7404F00BD32B4 /* Inter-Regular.ttf */ = {isa = PBXFileReference; lastKnownFileType = file; path = "Inter-Regular.ttf"; sourceTree = "<group>"; };
		899C63312BA7406C00BD32B4 /* Info.plist */ = {isa = PBXFileReference; lastKnownFileType = text.plist.xml; path = Info.plist; sourceTree = "<group>"; };
		899C63322BA7415200BD32B4 /* Font + ext.swift */ = {isa = PBXFileReference; lastKnownFileType = sourcecode.swift; path = "Font + ext.swift"; sourceTree = "<group>"; };
		899C63402BA74E8500BD32B4 /* Launch Screen.storyboard */ = {isa = PBXFileReference; lastKnownFileType = file.storyboard; path = "Launch Screen.storyboard"; sourceTree = "<group>"; };
		92593DC82BB1C17500535F42 /* BookmarkView.swift */ = {isa = PBXFileReference; lastKnownFileType = sourcecode.swift; path = BookmarkView.swift; sourceTree = "<group>"; };
		92B345772BAF489E00540F50 /* TabBar.swift */ = {isa = PBXFileReference; fileEncoding = 4; lastKnownFileType = sourcecode.swift; path = TabBar.swift; sourceTree = "<group>"; };
		92B345792BAF48B800540F50 /* HomeScreen.swift */ = {isa = PBXFileReference; fileEncoding = 4; lastKnownFileType = sourcecode.swift; path = HomeScreen.swift; sourceTree = "<group>"; };
		92B3457C2BAF48BD00540F50 /* NewsVerticalScroll.swift */ = {isa = PBXFileReference; fileEncoding = 4; lastKnownFileType = sourcecode.swift; path = NewsVerticalScroll.swift; sourceTree = "<group>"; };
		92B3457D2BAF48BD00540F50 /* NewsSingleView.swift */ = {isa = PBXFileReference; fileEncoding = 4; lastKnownFileType = sourcecode.swift; path = NewsSingleView.swift; sourceTree = "<group>"; usesTabs = 0; };
		92B3457E2BAF48BD00540F50 /* NewsHorizontalScroll.swift */ = {isa = PBXFileReference; fileEncoding = 4; lastKnownFileType = sourcecode.swift; path = NewsHorizontalScroll.swift; sourceTree = "<group>"; };
		92B3457F2BAF48BD00540F50 /* CategoriesHorizontalScroll.swift */ = {isa = PBXFileReference; fileEncoding = 4; lastKnownFileType = sourcecode.swift; path = CategoriesHorizontalScroll.swift; sourceTree = "<group>"; };
		92B345802BAF48BD00540F50 /* NewsSingleViewForVerticalScroll.swift */ = {isa = PBXFileReference; fileEncoding = 4; lastKnownFileType = sourcecode.swift; path = NewsSingleViewForVerticalScroll.swift; sourceTree = "<group>"; };
		CAA13B002BAE346900B2CDD9 /* NavLinkButton.swift */ = {isa = PBXFileReference; fileEncoding = 4; lastKnownFileType = sourcecode.swift; path = NavLinkButton.swift; sourceTree = "<group>"; };
		CAA13B022BAE347300B2CDD9 /* Language.swift */ = {isa = PBXFileReference; fileEncoding = 4; lastKnownFileType = sourcecode.swift; path = Language.swift; sourceTree = "<group>"; };
		CAA13B042BAE347D00B2CDD9 /* TermsAndConditionsView.swift */ = {isa = PBXFileReference; fileEncoding = 4; lastKnownFileType = sourcecode.swift; path = TermsAndConditionsView.swift; sourceTree = "<group>"; };
		CAA13B062BAE348900B2CDD9 /* AccountDetailsView.swift */ = {isa = PBXFileReference; fileEncoding = 4; lastKnownFileType = sourcecode.swift; path = AccountDetailsView.swift; sourceTree = "<group>"; };
		CAA13B082BAE349100B2CDD9 /* ProfileHeaderView.swift */ = {isa = PBXFileReference; fileEncoding = 4; lastKnownFileType = sourcecode.swift; path = ProfileHeaderView.swift; sourceTree = "<group>"; };
		CAA13B0A2BAE349B00B2CDD9 /* PersonalAccountView.swift */ = {isa = PBXFileReference; fileEncoding = 4; lastKnownFileType = sourcecode.swift; path = PersonalAccountView.swift; sourceTree = "<group>"; };
		CAA13B0C2BAE34D200B2CDD9 /* OnboardingView.swift */ = {isa = PBXFileReference; fileEncoding = 4; lastKnownFileType = sourcecode.swift; path = OnboardingView.swift; sourceTree = "<group>"; };
/* End PBXFileReference section */

/* Begin PBXFrameworksBuildPhase section */
		899C63152BA738C800BD32B4 /* Frameworks */ = {
			isa = PBXFrameworksBuildPhase;
			buildActionMask = 2147483647;
			files = (
				77F677A22BA9CFCA00137EAF /* FirebaseDatabaseSwift in Frameworks */,
				77F677A02BA9CFCA00137EAF /* FirebaseDatabase in Frameworks */,
				77F6779C2BA9CFCA00137EAF /* FirebaseAppCheck in Frameworks */,
				77F677A42BA9CFCA00137EAF /* FirebaseFirestore in Frameworks */,
				77F6779E2BA9CFCA00137EAF /* FirebaseAuth in Frameworks */,
				777A2D662BAA47BF006B3D4C /* NewsNetworkManager in Frameworks */,
				77F677A62BA9CFCA00137EAF /* FirebaseFirestoreSwift in Frameworks */,
			);
			runOnlyForDeploymentPostprocessing = 0;
		};
/* End PBXFrameworksBuildPhase section */

/* Begin PBXGroup section */
		77F677852BA9C1BD00137EAF /* Frameworks */ = {
			isa = PBXGroup;
			children = (
			);
			name = Frameworks;
			sourceTree = "<group>";
		};
		77F677942BA9CAC700137EAF /* Authorize */ = {
			isa = PBXGroup;
			children = (
				77F677902BA9C47E00137EAF /* AuthorizeView.swift */,
				77F677962BA9CB8A00137EAF /* AuthorizeStore.swift */,
				77F677982BA9CB9500137EAF /* AuthorizeReducer.swift */,
			);
			path = Authorize;
			sourceTree = "<group>";
		};
		77F677AB2BAA037400137EAF /* Services */ = {
			isa = PBXGroup;
			children = (
				77FF1F8B2BAF6F1C0012C173 /* RouterService.swift */,
				77F677A92BA9FFF300137EAF /* StorageService.swift */,
				77F677AC2BAA09E800137EAF /* AuthorizeService.swift */,
			);
			path = Services;
			sourceTree = "<group>";
		};
		8913AEB32BAEC23900A92C84 /* Onboarding */ = {
			isa = PBXGroup;
			children = (
				CAA13B0C2BAE34D200B2CDD9 /* OnboardingView.swift */,
				8913AEB42BAED2DA00A92C84 /* OnboardingModel.swift */,
				8913AEB62BAED3AC00A92C84 /* OnboardingCardView.swift */,
				8913AEB82BAEEFB700A92C84 /* OnboardingButtonView.swift */,
			);
			path = Onboarding;
			sourceTree = "<group>";
		};
		899C630F2BA738C800BD32B4 = {
			isa = PBXGroup;
			children = (
				899C631A2BA738C800BD32B4 /* NewsToDay */,
				899C63192BA738C800BD32B4 /* Products */,
				77F677852BA9C1BD00137EAF /* Frameworks */,
			);
			sourceTree = "<group>";
		};
		899C63192BA738C800BD32B4 /* Products */ = {
			isa = PBXGroup;
			children = (
				899C63182BA738C800BD32B4 /* NewsToDay.app */,
			);
			name = Products;
			sourceTree = "<group>";
		};
		899C631A2BA738C800BD32B4 /* NewsToDay */ = {
			isa = PBXGroup;
			children = (
				899C63442BA74F3800BD32B4 /* Application */,
				899C63392BA74BFC00BD32B4 /* Modules */,
				899C632A2BA73B5E00BD32B4 /* Extensions */,
				77F677AB2BAA037400137EAF /* Services */,
				899C63292BA7390F00BD32B4 /* Support */,
				899C63212BA738C900BD32B4 /* Preview Content */,
			);
			path = NewsToDay;
			sourceTree = "<group>";
		};
		899C63212BA738C900BD32B4 /* Preview Content */ = {
			isa = PBXGroup;
			children = (
				899C63222BA738C900BD32B4 /* Preview Assets.xcassets */,
			);
			path = "Preview Content";
			sourceTree = "<group>";
		};
		899C63292BA7390F00BD32B4 /* Support */ = {
			isa = PBXGroup;
			children = (
				899C632D2BA7404F00BD32B4 /* Inter-Bold.ttf */,
				899C632E2BA7404F00BD32B4 /* Inter-Medium.ttf */,
				899C63302BA7404F00BD32B4 /* Inter-Regular.ttf */,
				899C632F2BA7404F00BD32B4 /* Inter-SemiBold.ttf */,
				77F677A72BA9FF0100137EAF /* GoogleService-Info.plist */,
			);
			path = Support;
			sourceTree = "<group>";
		};
		899C632A2BA73B5E00BD32B4 /* Extensions */ = {
			isa = PBXGroup;
			children = (
				899C632B2BA73B7A00BD32B4 /* Color + ext.swift */,
				77F677922BA9C9BA00137EAF /* UIApplication+Extension.swift */,
				899C63322BA7415200BD32B4 /* Font + ext.swift */,
			);
			path = Extensions;
			sourceTree = "<group>";
		};
		899C63392BA74BFC00BD32B4 /* Modules */ = {
			isa = PBXGroup;
			children = (
				92B345772BAF489E00540F50 /* TabBar.swift */,
				77FF1F8D2BAF73790012C173 /* ContentView.swift */,
				77FF1F912BAF7DA20012C173 /* CategoriesView.swift */,
				92593DC82BB1C17500535F42 /* BookmarkView.swift */,
				8913AEB32BAEC23900A92C84 /* Onboarding */,
				CAA13AFF2BAE344F00B2CDD9 /* Profile */,
				899C633A2BA74C0500BD32B4 /* Home */,
				77F677942BA9CAC700137EAF /* Authorize */,
			);
			path = Modules;
			sourceTree = "<group>";
		};
		899C633A2BA74C0500BD32B4 /* Home */ = {
			isa = PBXGroup;
			children = (
				92B345792BAF48B800540F50 /* HomeScreen.swift */,
				92B3457B2BAF48BD00540F50 /* Views */,
			);
			path = Home;
			sourceTree = "<group>";
		};
		899C63442BA74F3800BD32B4 /* Application */ = {
			isa = PBXGroup;
			children = (
				899C631F2BA738C900BD32B4 /* Assets.xcassets */,
				899C63402BA74E8500BD32B4 /* Launch Screen.storyboard */,
				899C631B2BA738C800BD32B4 /* NewsToDayApp.swift */,
				899C63312BA7406C00BD32B4 /* Info.plist */,
			);
			path = Application;
			sourceTree = "<group>";
		};
		92B3457B2BAF48BD00540F50 /* Views */ = {
			isa = PBXGroup;
			children = (
				92B3457C2BAF48BD00540F50 /* NewsVerticalScroll.swift */,
				92B3457D2BAF48BD00540F50 /* NewsSingleView.swift */,
				92B3457E2BAF48BD00540F50 /* NewsHorizontalScroll.swift */,
				92B3457F2BAF48BD00540F50 /* CategoriesHorizontalScroll.swift */,
				92B345802BAF48BD00540F50 /* NewsSingleViewForVerticalScroll.swift */,
			);
			path = Views;
			sourceTree = "<group>";
		};
		CAA13AFF2BAE344F00B2CDD9 /* Profile */ = {
			isa = PBXGroup;
			children = (
				CAA13B0A2BAE349B00B2CDD9 /* PersonalAccountView.swift */,
				CAA13B082BAE349100B2CDD9 /* ProfileHeaderView.swift */,
				CAA13B062BAE348900B2CDD9 /* AccountDetailsView.swift */,
				CAA13B042BAE347D00B2CDD9 /* TermsAndConditionsView.swift */,
				CAA13B022BAE347300B2CDD9 /* Language.swift */,
				CAA13B002BAE346900B2CDD9 /* NavLinkButton.swift */,
			);
			path = Profile;
			sourceTree = "<group>";
		};
/* End PBXGroup section */

/* Begin PBXNativeTarget section */
		899C63172BA738C800BD32B4 /* NewsToDay */ = {
			isa = PBXNativeTarget;
			buildConfigurationList = 899C63262BA738C900BD32B4 /* Build configuration list for PBXNativeTarget "NewsToDay" */;
			buildPhases = (
				899C63142BA738C800BD32B4 /* Sources */,
				899C63152BA738C800BD32B4 /* Frameworks */,
				899C63162BA738C800BD32B4 /* Resources */,
			);
			buildRules = (
			);
			dependencies = (
			);
			name = NewsToDay;
			packageProductDependencies = (
				77F6779B2BA9CFCA00137EAF /* FirebaseAppCheck */,
				77F6779D2BA9CFCA00137EAF /* FirebaseAuth */,
				77F6779F2BA9CFCA00137EAF /* FirebaseDatabase */,
				77F677A12BA9CFCA00137EAF /* FirebaseDatabaseSwift */,
				77F677A32BA9CFCA00137EAF /* FirebaseFirestore */,
				77F677A52BA9CFCA00137EAF /* FirebaseFirestoreSwift */,
				777A2D652BAA47BF006B3D4C /* NewsNetworkManager */,
			);
			productName = NewsToDay;
			productReference = 899C63182BA738C800BD32B4 /* NewsToDay.app */;
			productType = "com.apple.product-type.application";
		};
/* End PBXNativeTarget section */

/* Begin PBXProject section */
		899C63102BA738C800BD32B4 /* Project object */ = {
			isa = PBXProject;
			attributes = {
				BuildIndependentTargetsInParallel = 1;
				LastSwiftUpdateCheck = 1520;
				LastUpgradeCheck = 1520;
				TargetAttributes = {
					899C63172BA738C800BD32B4 = {
						CreatedOnToolsVersion = 15.2;
					};
				};
			};
			buildConfigurationList = 899C63132BA738C800BD32B4 /* Build configuration list for PBXProject "NewsToDay" */;
			compatibilityVersion = "Xcode 14.0";
			developmentRegion = en;
			hasScannedForEncodings = 0;
			knownRegions = (
				en,
				Base,
			);
			mainGroup = 899C630F2BA738C800BD32B4;
			packageReferences = (
				77F6779A2BA9CFCA00137EAF /* XCRemoteSwiftPackageReference "firebase-ios-sdk" */,
				777A2D642BAA47BF006B3D4C /* XCRemoteSwiftPackageReference "NewsApiNetworkManager" */,
			);
			productRefGroup = 899C63192BA738C800BD32B4 /* Products */;
			projectDirPath = "";
			projectRoot = "";
			targets = (
				899C63172BA738C800BD32B4 /* NewsToDay */,
			);
		};
/* End PBXProject section */

/* Begin PBXResourcesBuildPhase section */
		899C63162BA738C800BD32B4 /* Resources */ = {
			isa = PBXResourcesBuildPhase;
			buildActionMask = 2147483647;
			files = (
				899C63372BA74B7C00BD32B4 /* Inter-SemiBold.ttf in Resources */,
				77F677A82BA9FF0100137EAF /* GoogleService-Info.plist in Resources */,
				899C63352BA74B7600BD32B4 /* Inter-Medium.ttf in Resources */,
				899C63362BA74B7900BD32B4 /* Inter-Regular.ttf in Resources */,
				899C63342BA74B7300BD32B4 /* Inter-Bold.ttf in Resources */,
				899C63232BA738C900BD32B4 /* Preview Assets.xcassets in Resources */,
				899C63202BA738C900BD32B4 /* Assets.xcassets in Resources */,
				899C63412BA74E8500BD32B4 /* Launch Screen.storyboard in Resources */,
			);
			runOnlyForDeploymentPostprocessing = 0;
		};
/* End PBXResourcesBuildPhase section */

/* Begin PBXSourcesBuildPhase section */
		899C63142BA738C800BD32B4 /* Sources */ = {
			isa = PBXSourcesBuildPhase;
			buildActionMask = 2147483647;
			files = (
				77FF1F8C2BAF6F1C0012C173 /* RouterService.swift in Sources */,
				CAA13B0B2BAE349B00B2CDD9 /* PersonalAccountView.swift in Sources */,
				77FF1F8E2BAF73790012C173 /* ContentView.swift in Sources */,
				92B345822BAF48BD00540F50 /* NewsSingleView.swift in Sources */,
				77F677972BA9CB8A00137EAF /* AuthorizeStore.swift in Sources */,
				899C631C2BA738C800BD32B4 /* NewsToDayApp.swift in Sources */,
				92593DC92BB1C17500535F42 /* BookmarkView.swift in Sources */,
				899C63332BA7415200BD32B4 /* Font + ext.swift in Sources */,
				92B345812BAF48BD00540F50 /* NewsVerticalScroll.swift in Sources */,
				92B3457A2BAF48B800540F50 /* HomeScreen.swift in Sources */,
				77F677AD2BAA09E800137EAF /* AuthorizeService.swift in Sources */,
				92B345782BAF489E00540F50 /* TabBar.swift in Sources */,
				77F677912BA9C47E00137EAF /* AuthorizeView.swift in Sources */,
				8913AEB72BAED3AC00A92C84 /* OnboardingCardView.swift in Sources */,
				77F677932BA9C9BA00137EAF /* UIApplication+Extension.swift in Sources */,
				CAA13B092BAE349100B2CDD9 /* ProfileHeaderView.swift in Sources */,
				CAA13B052BAE347D00B2CDD9 /* TermsAndConditionsView.swift in Sources */,
				77FF1F922BAF7DA20012C173 /* CategoriesView.swift in Sources */,
				8913AEB92BAEEFB700A92C84 /* OnboardingButtonView.swift in Sources */,
				77F677992BA9CB9500137EAF /* AuthorizeReducer.swift in Sources */,
				92B345832BAF48BD00540F50 /* NewsHorizontalScroll.swift in Sources */,
				92B345842BAF48BD00540F50 /* CategoriesHorizontalScroll.swift in Sources */,
				CAA13B012BAE346900B2CDD9 /* NavLinkButton.swift in Sources */,
				92B345852BAF48BD00540F50 /* NewsSingleViewForVerticalScroll.swift in Sources */,
				CAA13B032BAE347300B2CDD9 /* Language.swift in Sources */,
				77F677AA2BA9FFF300137EAF /* StorageService.swift in Sources */,
				8913AEB52BAED2DA00A92C84 /* OnboardingModel.swift in Sources */,
				899C632C2BA73B7A00BD32B4 /* Color + ext.swift in Sources */,
				CAA13B0D2BAE34D200B2CDD9 /* OnboardingView.swift in Sources */,
				CAA13B072BAE348900B2CDD9 /* AccountDetailsView.swift in Sources */,
			);
			runOnlyForDeploymentPostprocessing = 0;
		};
/* End PBXSourcesBuildPhase section */

/* Begin XCBuildConfiguration section */
		899C63242BA738C900BD32B4 /* Debug */ = {
			isa = XCBuildConfiguration;
			buildSettings = {
				ALWAYS_SEARCH_USER_PATHS = NO;
				ASSETCATALOG_COMPILER_GENERATE_SWIFT_ASSET_SYMBOL_EXTENSIONS = YES;
				CLANG_ANALYZER_NONNULL = YES;
				CLANG_ANALYZER_NUMBER_OBJECT_CONVERSION = YES_AGGRESSIVE;
				CLANG_CXX_LANGUAGE_STANDARD = "gnu++20";
				CLANG_ENABLE_MODULES = YES;
				CLANG_ENABLE_OBJC_ARC = YES;
				CLANG_ENABLE_OBJC_WEAK = YES;
				CLANG_WARN_BLOCK_CAPTURE_AUTORELEASING = YES;
				CLANG_WARN_BOOL_CONVERSION = YES;
				CLANG_WARN_COMMA = YES;
				CLANG_WARN_CONSTANT_CONVERSION = YES;
				CLANG_WARN_DEPRECATED_OBJC_IMPLEMENTATIONS = YES;
				CLANG_WARN_DIRECT_OBJC_ISA_USAGE = YES_ERROR;
				CLANG_WARN_DOCUMENTATION_COMMENTS = YES;
				CLANG_WARN_EMPTY_BODY = YES;
				CLANG_WARN_ENUM_CONVERSION = YES;
				CLANG_WARN_INFINITE_RECURSION = YES;
				CLANG_WARN_INT_CONVERSION = YES;
				CLANG_WARN_NON_LITERAL_NULL_CONVERSION = YES;
				CLANG_WARN_OBJC_IMPLICIT_RETAIN_SELF = YES;
				CLANG_WARN_OBJC_LITERAL_CONVERSION = YES;
				CLANG_WARN_OBJC_ROOT_CLASS = YES_ERROR;
				CLANG_WARN_QUOTED_INCLUDE_IN_FRAMEWORK_HEADER = YES;
				CLANG_WARN_RANGE_LOOP_ANALYSIS = YES;
				CLANG_WARN_STRICT_PROTOTYPES = YES;
				CLANG_WARN_SUSPICIOUS_MOVE = YES;
				CLANG_WARN_UNGUARDED_AVAILABILITY = YES_AGGRESSIVE;
				CLANG_WARN_UNREACHABLE_CODE = YES;
				CLANG_WARN__DUPLICATE_METHOD_MATCH = YES;
				COPY_PHASE_STRIP = NO;
				DEBUG_INFORMATION_FORMAT = dwarf;
				ENABLE_STRICT_OBJC_MSGSEND = YES;
				ENABLE_TESTABILITY = YES;
				ENABLE_USER_SCRIPT_SANDBOXING = YES;
				GCC_C_LANGUAGE_STANDARD = gnu17;
				GCC_DYNAMIC_NO_PIC = NO;
				GCC_NO_COMMON_BLOCKS = YES;
				GCC_OPTIMIZATION_LEVEL = 0;
				GCC_PREPROCESSOR_DEFINITIONS = (
					"DEBUG=1",
					"$(inherited)",
				);
				GCC_WARN_64_TO_32_BIT_CONVERSION = YES;
				GCC_WARN_ABOUT_RETURN_TYPE = YES_ERROR;
				GCC_WARN_UNDECLARED_SELECTOR = YES;
				GCC_WARN_UNINITIALIZED_AUTOS = YES_AGGRESSIVE;
				GCC_WARN_UNUSED_FUNCTION = YES;
				GCC_WARN_UNUSED_VARIABLE = YES;
				IPHONEOS_DEPLOYMENT_TARGET = 15.0;
				LOCALIZATION_PREFERS_STRING_CATALOGS = YES;
				MTL_ENABLE_DEBUG_INFO = INCLUDE_SOURCE;
				MTL_FAST_MATH = YES;
				ONLY_ACTIVE_ARCH = YES;
				SDKROOT = iphoneos;
				SWIFT_ACTIVE_COMPILATION_CONDITIONS = "DEBUG $(inherited)";
				SWIFT_OPTIMIZATION_LEVEL = "-Onone";
			};
			name = Debug;
		};
		899C63252BA738C900BD32B4 /* Release */ = {
			isa = XCBuildConfiguration;
			buildSettings = {
				ALWAYS_SEARCH_USER_PATHS = NO;
				ASSETCATALOG_COMPILER_GENERATE_SWIFT_ASSET_SYMBOL_EXTENSIONS = YES;
				CLANG_ANALYZER_NONNULL = YES;
				CLANG_ANALYZER_NUMBER_OBJECT_CONVERSION = YES_AGGRESSIVE;
				CLANG_CXX_LANGUAGE_STANDARD = "gnu++20";
				CLANG_ENABLE_MODULES = YES;
				CLANG_ENABLE_OBJC_ARC = YES;
				CLANG_ENABLE_OBJC_WEAK = YES;
				CLANG_WARN_BLOCK_CAPTURE_AUTORELEASING = YES;
				CLANG_WARN_BOOL_CONVERSION = YES;
				CLANG_WARN_COMMA = YES;
				CLANG_WARN_CONSTANT_CONVERSION = YES;
				CLANG_WARN_DEPRECATED_OBJC_IMPLEMENTATIONS = YES;
				CLANG_WARN_DIRECT_OBJC_ISA_USAGE = YES_ERROR;
				CLANG_WARN_DOCUMENTATION_COMMENTS = YES;
				CLANG_WARN_EMPTY_BODY = YES;
				CLANG_WARN_ENUM_CONVERSION = YES;
				CLANG_WARN_INFINITE_RECURSION = YES;
				CLANG_WARN_INT_CONVERSION = YES;
				CLANG_WARN_NON_LITERAL_NULL_CONVERSION = YES;
				CLANG_WARN_OBJC_IMPLICIT_RETAIN_SELF = YES;
				CLANG_WARN_OBJC_LITERAL_CONVERSION = YES;
				CLANG_WARN_OBJC_ROOT_CLASS = YES_ERROR;
				CLANG_WARN_QUOTED_INCLUDE_IN_FRAMEWORK_HEADER = YES;
				CLANG_WARN_RANGE_LOOP_ANALYSIS = YES;
				CLANG_WARN_STRICT_PROTOTYPES = YES;
				CLANG_WARN_SUSPICIOUS_MOVE = YES;
				CLANG_WARN_UNGUARDED_AVAILABILITY = YES_AGGRESSIVE;
				CLANG_WARN_UNREACHABLE_CODE = YES;
				CLANG_WARN__DUPLICATE_METHOD_MATCH = YES;
				COPY_PHASE_STRIP = NO;
				DEBUG_INFORMATION_FORMAT = "dwarf-with-dsym";
				ENABLE_NS_ASSERTIONS = NO;
				ENABLE_STRICT_OBJC_MSGSEND = YES;
				ENABLE_USER_SCRIPT_SANDBOXING = YES;
				GCC_C_LANGUAGE_STANDARD = gnu17;
				GCC_NO_COMMON_BLOCKS = YES;
				GCC_WARN_64_TO_32_BIT_CONVERSION = YES;
				GCC_WARN_ABOUT_RETURN_TYPE = YES_ERROR;
				GCC_WARN_UNDECLARED_SELECTOR = YES;
				GCC_WARN_UNINITIALIZED_AUTOS = YES_AGGRESSIVE;
				GCC_WARN_UNUSED_FUNCTION = YES;
				GCC_WARN_UNUSED_VARIABLE = YES;
				IPHONEOS_DEPLOYMENT_TARGET = 15.0;
				LOCALIZATION_PREFERS_STRING_CATALOGS = YES;
				MTL_ENABLE_DEBUG_INFO = NO;
				MTL_FAST_MATH = YES;
				SDKROOT = iphoneos;
				SWIFT_COMPILATION_MODE = wholemodule;
				VALIDATE_PRODUCT = YES;
			};
			name = Release;
		};
		899C63272BA738C900BD32B4 /* Debug */ = {
			isa = XCBuildConfiguration;
			buildSettings = {
				ASSETCATALOG_COMPILER_APPICON_NAME = AppIcon;
				ASSETCATALOG_COMPILER_GLOBAL_ACCENT_COLOR_NAME = AccentColor;
				CODE_SIGN_IDENTITY = "Apple Development";
				CODE_SIGN_STYLE = Automatic;
				CURRENT_PROJECT_VERSION = 1;
				DEVELOPMENT_ASSET_PATHS = "\"NewsToDay/Preview Content\"";
				DEVELOPMENT_TEAM = WV9SZ4237Z;
				ENABLE_PREVIEWS = YES;
				GENERATE_INFOPLIST_FILE = YES;
				INFOPLIST_FILE = NewsToDay/Application/Info.plist;
				INFOPLIST_KEY_UIApplicationSceneManifest_Generation = YES;
				INFOPLIST_KEY_UIApplicationSupportsIndirectInputEvents = YES;
				INFOPLIST_KEY_UILaunchStoryboardName = "Launch Screen.storyboard";
				INFOPLIST_KEY_UISupportedInterfaceOrientations = UIInterfaceOrientationPortrait;
				INFOPLIST_KEY_UISupportedInterfaceOrientations_iPad = "UIInterfaceOrientationLandscapeLeft UIInterfaceOrientationLandscapeRight UIInterfaceOrientationPortrait UIInterfaceOrientationPortraitUpsideDown";
				LD_RUNPATH_SEARCH_PATHS = (
					"$(inherited)",
					"@executable_path/Frameworks",
				);
				MARKETING_VERSION = 1.0;
				PRODUCT_BUNDLE_IDENTIFIER = MaximGoryachkin.NewsToDay;
				PRODUCT_NAME = "$(TARGET_NAME)";
				PROVISIONING_PROFILE_SPECIFIER = "";
				SUPPORTED_PLATFORMS = "iphoneos iphonesimulator";
				SUPPORTS_MACCATALYST = NO;
				SUPPORTS_MAC_DESIGNED_FOR_IPHONE_IPAD = NO;
				SUPPORTS_XR_DESIGNED_FOR_IPHONE_IPAD = NO;
				SWIFT_EMIT_LOC_STRINGS = YES;
				SWIFT_VERSION = 5.0;
				TARGETED_DEVICE_FAMILY = 1;
			};
			name = Debug;
		};
		899C63282BA738C900BD32B4 /* Release */ = {
			isa = XCBuildConfiguration;
			buildSettings = {
				ASSETCATALOG_COMPILER_APPICON_NAME = AppIcon;
				ASSETCATALOG_COMPILER_GLOBAL_ACCENT_COLOR_NAME = AccentColor;
				CODE_SIGN_IDENTITY = "Apple Development";
				CODE_SIGN_STYLE = Automatic;
				CURRENT_PROJECT_VERSION = 1;
				DEVELOPMENT_ASSET_PATHS = "\"NewsToDay/Preview Content\"";
				DEVELOPMENT_TEAM = WV9SZ4237Z;
				ENABLE_PREVIEWS = YES;
				GENERATE_INFOPLIST_FILE = YES;
				INFOPLIST_FILE = NewsToDay/Application/Info.plist;
				INFOPLIST_KEY_UIApplicationSceneManifest_Generation = YES;
				INFOPLIST_KEY_UIApplicationSupportsIndirectInputEvents = YES;
				INFOPLIST_KEY_UILaunchStoryboardName = "Launch Screen.storyboard";
				INFOPLIST_KEY_UISupportedInterfaceOrientations = UIInterfaceOrientationPortrait;
				INFOPLIST_KEY_UISupportedInterfaceOrientations_iPad = "UIInterfaceOrientationLandscapeLeft UIInterfaceOrientationLandscapeRight UIInterfaceOrientationPortrait UIInterfaceOrientationPortraitUpsideDown";
				LD_RUNPATH_SEARCH_PATHS = (
					"$(inherited)",
					"@executable_path/Frameworks",
				);
				MARKETING_VERSION = 1.0;
				PRODUCT_BUNDLE_IDENTIFIER = MaximGoryachkin.NewsToDay;
				PRODUCT_NAME = "$(TARGET_NAME)";
				PROVISIONING_PROFILE_SPECIFIER = "";
				SUPPORTED_PLATFORMS = "iphoneos iphonesimulator";
				SUPPORTS_MACCATALYST = NO;
				SUPPORTS_MAC_DESIGNED_FOR_IPHONE_IPAD = NO;
				SUPPORTS_XR_DESIGNED_FOR_IPHONE_IPAD = NO;
				SWIFT_EMIT_LOC_STRINGS = YES;
				SWIFT_VERSION = 5.0;
				TARGETED_DEVICE_FAMILY = 1;
			};
			name = Release;
		};
/* End XCBuildConfiguration section */

/* Begin XCConfigurationList section */
		899C63132BA738C800BD32B4 /* Build configuration list for PBXProject "NewsToDay" */ = {
			isa = XCConfigurationList;
			buildConfigurations = (
				899C63242BA738C900BD32B4 /* Debug */,
				899C63252BA738C900BD32B4 /* Release */,
			);
			defaultConfigurationIsVisible = 0;
			defaultConfigurationName = Release;
		};
		899C63262BA738C900BD32B4 /* Build configuration list for PBXNativeTarget "NewsToDay" */ = {
			isa = XCConfigurationList;
			buildConfigurations = (
				899C63272BA738C900BD32B4 /* Debug */,
				899C63282BA738C900BD32B4 /* Release */,
			);
			defaultConfigurationIsVisible = 0;
			defaultConfigurationName = Release;
		};
/* End XCConfigurationList section */

/* Begin XCRemoteSwiftPackageReference section */
		777A2D642BAA47BF006B3D4C /* XCRemoteSwiftPackageReference "NewsApiNetworkManager" */ = {
			isa = XCRemoteSwiftPackageReference;
			repositoryURL = "https://github.com/viktorporch/NewsApiNetworkManager";
			requirement = {
				kind = upToNextMajorVersion;
				minimumVersion = 1.0.4;
			};
		};
		77F6779A2BA9CFCA00137EAF /* XCRemoteSwiftPackageReference "firebase-ios-sdk" */ = {
			isa = XCRemoteSwiftPackageReference;
			repositoryURL = "https://github.com/firebase/firebase-ios-sdk.git";
			requirement = {
				kind = upToNextMajorVersion;
				minimumVersion = 10.22.1;
			};
		};
/* End XCRemoteSwiftPackageReference section */

/* Begin XCSwiftPackageProductDependency section */
		777A2D652BAA47BF006B3D4C /* NewsNetworkManager */ = {
			isa = XCSwiftPackageProductDependency;
			package = 777A2D642BAA47BF006B3D4C /* XCRemoteSwiftPackageReference "NewsApiNetworkManager" */;
			productName = NewsNetworkManager;
		};
		77F6779B2BA9CFCA00137EAF /* FirebaseAppCheck */ = {
			isa = XCSwiftPackageProductDependency;
			package = 77F6779A2BA9CFCA00137EAF /* XCRemoteSwiftPackageReference "firebase-ios-sdk" */;
			productName = FirebaseAppCheck;
		};
		77F6779D2BA9CFCA00137EAF /* FirebaseAuth */ = {
			isa = XCSwiftPackageProductDependency;
			package = 77F6779A2BA9CFCA00137EAF /* XCRemoteSwiftPackageReference "firebase-ios-sdk" */;
			productName = FirebaseAuth;
		};
		77F6779F2BA9CFCA00137EAF /* FirebaseDatabase */ = {
			isa = XCSwiftPackageProductDependency;
			package = 77F6779A2BA9CFCA00137EAF /* XCRemoteSwiftPackageReference "firebase-ios-sdk" */;
			productName = FirebaseDatabase;
		};
		77F677A12BA9CFCA00137EAF /* FirebaseDatabaseSwift */ = {
			isa = XCSwiftPackageProductDependency;
			package = 77F6779A2BA9CFCA00137EAF /* XCRemoteSwiftPackageReference "firebase-ios-sdk" */;
			productName = FirebaseDatabaseSwift;
		};
		77F677A32BA9CFCA00137EAF /* FirebaseFirestore */ = {
			isa = XCSwiftPackageProductDependency;
			package = 77F6779A2BA9CFCA00137EAF /* XCRemoteSwiftPackageReference "firebase-ios-sdk" */;
			productName = FirebaseFirestore;
		};
		77F677A52BA9CFCA00137EAF /* FirebaseFirestoreSwift */ = {
			isa = XCSwiftPackageProductDependency;
			package = 77F6779A2BA9CFCA00137EAF /* XCRemoteSwiftPackageReference "firebase-ios-sdk" */;
			productName = FirebaseFirestoreSwift;
		};
/* End XCSwiftPackageProductDependency section */
	};
	rootObject = 899C63102BA738C800BD32B4 /* Project object */;
}
